# This file is generated by running "yarn install" inside your project.
# Manual changes might be lost - proceed with caution!

__metadata:
  version: 6
  cacheKey: 8

"@babel/helper-plugin-utils@npm:^7.8.0":
  version: 7.21.5
  resolution: "@babel/helper-plugin-utils@npm:7.21.5"
  checksum: 6f086e9a84a50ea7df0d5639c8f9f68505af510ea3258b3c8ac8b175efdfb7f664436cb48996f71791a1350ba68f47ad3424131e8e718c5e2ad45564484cbb36
  languageName: node
  linkType: hard

"@babel/plugin-syntax-object-rest-spread@npm:^7.8.3":
  version: 7.8.3
  resolution: "@babel/plugin-syntax-object-rest-spread@npm:7.8.3"
  dependencies:
    "@babel/helper-plugin-utils": ^7.8.0
  peerDependencies:
    "@babel/core": ^7.0.0-0
  checksum: fddcf581a57f77e80eb6b981b10658421bc321ba5f0a5b754118c6a92a5448f12a0c336f77b8abf734841e102e5126d69110a306eadb03ca3e1547cab31f5cbf
  languageName: node
  linkType: hard

"@muckee/react-components-example@workspace:.":
  version: 0.0.0-use.local
  resolution: "@muckee/react-components-example@workspace:."
  dependencies:
    "@babel/plugin-syntax-object-rest-spread": ^7.8.3
    "@muckee/react-components": "link:.."
    react: "link:../node_modules/react"
    react-dom: "link:../node_modules/react-dom"
    react-scripts: "link:../node_modules/react-scripts"
  languageName: unknown
  linkType: soft

"@muckee/react-components@link:..::locator=%40muckee%2Freact-components-example%40workspace%3A.":
  version: 0.0.0-use.local
  resolution: "@muckee/react-components@link:..::locator=%40muckee%2Freact-components-example%40workspace%3A."
  languageName: node
  linkType: soft

"react-dom@link:../node_modules/react-dom::locator=%40muckee%2Freact-components-example%40workspace%3A.":
  version: 0.0.0-use.local
  resolution: "react-dom@link:../node_modules/react-dom::locator=%40muckee%2Freact-components-example%40workspace%3A."
  languageName: node
  linkType: soft

"react-scripts@link:../node_modules/react-scripts::locator=%40muckee%2Freact-components-example%40workspace%3A.":
  version: 0.0.0-use.local
  resolution: "react-scripts@link:../node_modules/react-scripts::locator=%40muckee%2Freact-components-example%40workspace%3A."
  languageName: node
  linkType: soft

"react@link:../node_modules/react::locator=%40muckee%2Freact-components-example%40workspace%3A.":
  version: 0.0.0-use.local
  resolution: "react@link:../node_modules/react::locator=%40muckee%2Freact-components-example%40workspace%3A."
  languageName: node
  linkType: soft
